
Microsoft Visual Studio Solution File, Format Version 11.00
# Visual Studio 2010
Project("{FAE04EC0-301F-11D3-BF4B-00C04F79EFBC}") = "Assembly-CSharp-firstpass", "Assembly-CSharp-firstpass.csproj", "{13cd9d17-084c-11b4-4f2b-3857aa8a3c77}"
EndProject
Project("{FAE04EC0-301F-11D3-BF4B-00C04F79EFBC}") = "Sirenix.OdinInspector.CompatibilityLayer", "Sirenix.OdinInspector.CompatibilityLayer.csproj", "{9504f6d4-7889-f56a-86d7-2ca33a67e7fd}"
EndProject
Project("{FAE04EC0-301F-11D3-BF4B-00C04F79EFBC}") = "Assembly-CSharp", "Assembly-CSharp.csproj", "{152f75fc-3a3b-4ac2-7476-5c8083252b9e}"
EndProject
Project("{FAE04EC0-301F-11D3-BF4B-00C04F79EFBC}") = "Assembly-CSharp-Editor-firstpass", "Assembly-CSharp-Editor-firstpass.csproj", "{4db4bb4d-3acb-bb92-92b4-bb0cbfd75595}"
EndProject
Project("{FAE04EC0-301F-11D3-BF4B-00C04F79EFBC}") = "Sirenix.OdinInspector.CompatibilityLayer.Editor", "Sirenix.OdinInspector.CompatibilityLayer.Editor.csproj", "{122fe6a9-786d-ec3c-a96f-ab0bcd64ad5a}"
EndProject
Global
	GlobalSection(SolutionConfigurationPlatforms) = preSolution
		Debug|Any CPU = Debug|Any CPU
		Release|Any CPU = Release|Any CPU
	EndGlobalSection
	GlobalSection(ProjectConfigurationPlatforms) = postSolution
		{13cd9d17-084c-11b4-4f2b-3857aa8a3c77}.Debug|Any CPU.ActiveCfg = Debug|Any CPU
		{13cd9d17-084c-11b4-4f2b-3857aa8a3c77}.Debug|Any CPU.Build.0 = Debug|Any CPU
		{13cd9d17-084c-11b4-4f2b-3857aa8a3c77}.Release|Any CPU.ActiveCfg = Release|Any CPU
		{13cd9d17-084c-11b4-4f2b-3857aa8a3c77}.Release|Any CPU.Build.0 = Release|Any CPU
		{9504f6d4-7889-f56a-86d7-2ca33a67e7fd}.Debug|Any CPU.ActiveCfg = Debug|Any CPU
		{9504f6d4-7889-f56a-86d7-2ca33a67e7fd}.Debug|Any CPU.Build.0 = Debug|Any CPU
		{9504f6d4-7889-f56a-86d7-2ca33a67e7fd}.Release|Any CPU.ActiveCfg = Release|Any CPU
		{9504f6d4-7889-f56a-86d7-2ca33a67e7fd}.Release|Any CPU.Build.0 = Release|Any CPU
		{152f75fc-3a3b-4ac2-7476-5c8083252b9e}.Debug|Any CPU.ActiveCfg = Debug|Any CPU
		{152f75fc-3a3b-4ac2-7476-5c8083252b9e}.Debug|Any CPU.Build.0 = Debug|Any CPU
		{152f75fc-3a3b-4ac2-7476-5c8083252b9e}.Release|Any CPU.ActiveCfg = Release|Any CPU
		{152f75fc-3a3b-4ac2-7476-5c8083252b9e}.Release|Any CPU.Build.0 = Release|Any CPU
		{4db4bb4d-3acb-bb92-92b4-bb0cbfd75595}.Debug|Any CPU.ActiveCfg = Debug|Any CPU
		{4db4bb4d-3acb-bb92-92b4-bb0cbfd75595}.Debug|Any CPU.Build.0 = Debug|Any CPU
		{4db4bb4d-3acb-bb92-92b4-bb0cbfd75595}.Release|Any CPU.ActiveCfg = Release|Any CPU
		{4db4bb4d-3acb-bb92-92b4-bb0cbfd75595}.Release|Any CPU.Build.0 = Release|Any CPU
		{122fe6a9-786d-ec3c-a96f-ab0bcd64ad5a}.Debug|Any CPU.ActiveCfg = Debug|Any CPU
		{122fe6a9-786d-ec3c-a96f-ab0bcd64ad5a}.Debug|Any CPU.Build.0 = Debug|Any CPU
		{122fe6a9-786d-ec3c-a96f-ab0bcd64ad5a}.Release|Any CPU.ActiveCfg = Release|Any CPU
		{122fe6a9-786d-ec3c-a96f-ab0bcd64ad5a}.Release|Any CPU.Build.0 = Release|Any CPU
	EndGlobalSection
	GlobalSection(SolutionProperties) = preSolution
		HideSolutionNode = FALSE
	EndGlobalSection
EndGlobal
